
Microsoft Visual Studio Solution File, Format Version 12.00
# Visual Studio Version 16
VisualStudioVersion = 16.0.31729.503
MinimumVisualStudioVersion = 10.0.40219.1
Project("{FAE04EC0-301F-11D3-BF4B-00C04F79EFBC}") = "Atelier_1", "Atelier_1\Atelier_1.csproj", "{0B16992C-C411-4AAD-8CA3-313D44DB7E66}"
EndProject
Global
	GlobalSection(SolutionConfigurationPlatforms) = preSolution
		Debug|Any CPU = Debug|Any CPU
		Release|Any CPU = Release|Any CPU
	EndGlobalSection
	GlobalSection(ProjectConfigurationPlatforms) = postSolution
		{0B16992C-C411-4AAD-8CA3-313D44DB7E66}.Debug|Any CPU.ActiveCfg = Debug|Any CPU
		{0B16992C-C411-4AAD-8CA3-313D44DB7E66}.Debug|Any CPU.Build.0 = Debug|Any CPU
		{0B16992C-C411-4AAD-8CA3-313D44DB7E66}.Release|Any CPU.ActiveCfg = Release|Any CPU
		{0B16992C-C411-4AAD-8CA3-313D44DB7E66}.Release|Any CPU.Build.0 = Release|Any CPU
	EndGlobalSection
	GlobalSection(SolutionProperties) = preSolution
		HideSolutionNode = FALSE
	EndGlobalSection
	GlobalSection(ExtensibilityGlobals) = postSolution
		SolutionGuid = {15260519-D61A-443B-9D87-BD26693D04FA}
	EndGlobalSection
EndGlobal
